
Microsoft Visual Studio Solution File, Format Version 12.00
# Visual Studio Version 16
VisualStudioVersion = 16.0.31613.86
MinimumVisualStudioVersion = 10.0.40219.1
Project("{FAE04EC0-301F-11D3-BF4B-00C04F79EFBC}") = "SnekWpfApp", "SnekWpfApp\SnekWpfApp.csproj", "{CEB5B13A-0890-420D-A262-68826F1522CA}"
EndProject
Global
	GlobalSection(SolutionConfigurationPlatforms) = preSolution
		Debug|Any CPU = Debug|Any CPU
		Release|Any CPU = Release|Any CPU
	EndGlobalSection
	GlobalSection(ProjectConfigurationPlatforms) = postSolution
		{CEB5B13A-0890-420D-A262-68826F1522CA}.Debug|Any CPU.ActiveCfg = Debug|Any CPU
		{CEB5B13A-0890-420D-A262-68826F1522CA}.Debug|Any CPU.Build.0 = Debug|Any CPU
		{CEB5B13A-0890-420D-A262-68826F1522CA}.Release|Any CPU.ActiveCfg = Release|Any CPU
		{CEB5B13A-0890-420D-A262-68826F1522CA}.Release|Any CPU.Build.0 = Release|Any CPU
	EndGlobalSection
	GlobalSection(SolutionProperties) = preSolution
		HideSolutionNode = FALSE
	EndGlobalSection
	GlobalSection(ExtensibilityGlobals) = postSolution
		SolutionGuid = {6FDAFA84-CB90-4F50-801E-6566CBA2BD5D}
	EndGlobalSection
EndGlobal
